{
  "name": "server",
  "version": "1.0.0",
  "lockfileVersion": 2,
  "requires": true,
  "packages": {
    "": {
      "name": "server",
      "version": "1.0.0",
      "license": "ISC",
      "dependencies": {
        "pg": "^8.7.1",
        "ws": "^8.4.0"
      }
    },
    "node_modules/buffer-writer": {
      "version": "2.0.0",
      "resolved": "https://registry.npm.taobao.org/buffer-writer/download/buffer-writer-2.0.0.tgz",
      "integrity": "sha1-zn64Gjj3gp2wnIc/L7t5LAyY7AQ=",
      "engines": {
        "node": ">=4"
      }
    },
    "node_modules/packet-reader": {
      "version": "1.0.0",
      "resolved": "https://registry.npm.taobao.org/packet-reader/download/packet-reader-1.0.0.tgz",
      "integrity": "sha1-kjjlSA3tq6z+H+PydxBj8WQVfXQ="
    },
    "node_modules/pg": {
      "version": "8.7.1",
      "resolved": "https://registry.npmmirror.com/pg/download/pg-8.7.1.tgz",
      "integrity": "sha1-nqnR7CJZgMNvlOGB0Amrn0zkxHE=",
      "dependencies": {
        "buffer-writer": "2.0.0",
        "packet-reader": "1.0.0",
        "pg-connection-string": "^2.5.0",
        "pg-pool": "^3.4.1",
        "pg-protocol": "^1.5.0",
        "pg-types": "^2.1.0",
        "pgpass": "1.x"
      },
      "engines": {
        "node": ">= 8.0.0"
      },
      "peerDependencies": {
        "pg-native": ">=2.0.0"
      },
      "peerDependenciesMeta": {
        "pg-native": {
          "optional": true
        }
      }
    },
    "node_modules/pg-connection-string": {
      "version": "2.5.0",
      "resolved": "https://registry.nlark.com/pg-connection-string/download/pg-connection-string-2.5.0.tgz",
      "integrity": "sha1-U4yt0PfmA/wJoSWQ87ikUsLAzzQ="
    },
    "node_modules/pg-int8": {
      "version": "1.0.1",
      "resolved": "https://registry.npm.taobao.org/pg-int8/download/pg-int8-1.0.1.tgz",
      "integrity": "sha1-lDvUY79bcbQXARX4D478mgwOt4w=",
      "engines": {
        "node": ">=4.0.0"
      }
    },
    "node_modules/pg-pool": {
      "version": "3.4.1",
      "resolved": "https://registry.nlark.com/pg-pool/download/pg-pool-3.4.1.tgz",
      "integrity": "sha1-DnHOLGe0QqXoYqnBghcsN+2nHpw=",
      "peerDependencies": {
        "pg": ">=8.0"
      }
    },
    "node_modules/pg-protocol": {
      "version": "1.5.0",
      "resolved": "https://registry.npmmirror.com/pg-protocol/download/pg-protocol-1.5.0.tgz",
      "integrity": "sha1-td1FIlcxRWXi1UqzwTKtxGVlpqA="
    },
    "node_modules/pg-types": {
      "version": "2.2.0",
      "resolved": "https://registry.npm.taobao.org/pg-types/download/pg-types-2.2.0.tgz",
      "integrity": "sha1-LQJQ1jZFT3z6O2rgOC/fqAYyVKM=",
      "dependencies": {
        "pg-int8": "1.0.1",
        "postgres-array": "~2.0.0",
        "postgres-bytea": "~1.0.0",
        "postgres-date": "~1.0.4",
        "postgres-interval": "^1.1.0"
      },
      "engines": {
        "node": ">=4"
      }
    },
    "node_modules/pgpass": {
      "version": "1.0.5",
      "resolved": "https://registry.npmmirror.com/pgpass/download/pgpass-1.0.5.tgz",
      "integrity": "sha512-FdW9r/jQZhSeohs1Z3sI1yxFQNFvMcnmfuj4WBMUTxOrAyLMaTcE1aAMBiTlbMNaXvBCQuVi0R7hd8udDSP7ug==",
      "dependencies": {
        "split2": "^4.1.0"
      }
    },
    "node_modules/postgres-array": {
      "version": "2.0.0",
      "resolved": "https://registry.npm.taobao.org/postgres-array/download/postgres-array-2.0.0.tgz",
      "integrity": "sha1-SPj84FT7xpZxmZMpuINLdyZS2C4=",
      "engines": {
        "node": ">=4"
      }
    },
    "node_modules/postgres-bytea": {
      "version": "1.0.0",
      "resolved": "https://registry.npm.taobao.org/postgres-bytea/download/postgres-bytea-1.0.0.tgz",
      "integrity": "sha1-AntTPAqokOJtFy1Hz5zOzFIazTU=",
      "engines": {
        "node": ">=0.10.0"
      }
    },
    "node_modules/postgres-date": {
      "version": "1.0.7",
      "resolved": "https://registry.npmmirror.com/postgres-date/download/postgres-date-1.0.7.tgz",
      "integrity": "sha1-UbwIYAYAXlBhxZHO5yfyUxv2Qag=",
      "engines": {
        "node": ">=0.10.0"
      }
    },
    "node_modules/postgres-interval": {
      "version": "1.2.0",
      "resolved": "https://registry.nlark.com/postgres-interval/download/postgres-interval-1.2.0.tgz",
      "integrity": "sha1-tGDILLFYdQd4iBmgaqD//bNURpU=",
      "dependencies": {
        "xtend": "^4.0.0"
      },
      "engines": {
        "node": ">=0.10.0"
      }
    },
    "node_modules/split2": {
      "version": "4.1.0",
      "resolved": "https://registry.npmmirror.com/split2/download/split2-4.1.0.tgz",
      "integrity": "sha1-EBkHokNw+Fu3gvCK2qvk4oHs+Ak=",
      "license": "ISC",
      "engines": {
        "node": ">= 10.x"
      }
    },
    "node_modules/ws": {
      "version": "8.4.0",
      "resolved": "https://registry.npmmirror.com/ws/download/ws-8.4.0.tgz",
      "integrity": "sha512-IHVsKe2pjajSUIl4KYMQOdlyliovpEPquKkqbwswulszzI7r0SfQrxnXdWAEqOlDCLrVSJzo+O1hAwdog2sKSQ==",
      "engines": {
        "node": ">=10.0.0"
      },
      "peerDependencies": {
        "bufferutil": "^4.0.1",
        "utf-8-validate": "^5.0.2"
      },
      "peerDependenciesMeta": {
        "bufferutil": {
          "optional": true
        },
        "utf-8-validate": {
          "optional": true
        }
      }
    },
    "node_modules/xtend": {
      "version": "4.0.2",
      "resolved": "https://registry.npm.taobao.org/xtend/download/xtend-4.0.2.tgz",
      "integrity": "sha1-u3J3n1+kZRhrH0OPZ0+jR/2121Q=",
      "engines": {
        "node": ">=0.4"
      }
    }
  },
  "dependencies": {
    "buffer-writer": {
      "version": "2.0.0",
      "resolved": "https://registry.npm.taobao.org/buffer-writer/download/buffer-writer-2.0.0.tgz",
      "integrity": "sha1-zn64Gjj3gp2wnIc/L7t5LAyY7AQ="
    },
    "packet-reader": {
      "version": "1.0.0",
      "resolved": "https://registry.npm.taobao.org/packet-reader/download/packet-reader-1.0.0.tgz",
      "integrity": "sha1-kjjlSA3tq6z+H+PydxBj8WQVfXQ="
    },
    "pg": {
      "version": "8.7.1",
      "resolved": "https://registry.npmmirror.com/pg/download/pg-8.7.1.tgz",
      "integrity": "sha1-nqnR7CJZgMNvlOGB0Amrn0zkxHE=",
      "requires": {
        "buffer-writer": "2.0.0",
        "packet-reader": "1.0.0",
        "pg-connection-string": "^2.5.0",
        "pg-pool": "^3.4.1",
        "pg-protocol": "^1.5.0",
        "pg-types": "^2.1.0",
        "pgpass": "1.x"
      }
    },
    "pg-connection-string": {
      "version": "2.5.0",
      "resolved": "https://registry.nlark.com/pg-connection-string/download/pg-connection-string-2.5.0.tgz",
      "integrity": "sha1-U4yt0PfmA/wJoSWQ87ikUsLAzzQ="
    },
    "pg-int8": {
      "version": "1.0.1",
      "resolved": "https://registry.npm.taobao.org/pg-int8/download/pg-int8-1.0.1.tgz",
      "integrity": "sha1-lDvUY79bcbQXARX4D478mgwOt4w="
    },
    "pg-pool": {
      "version": "3.4.1",
      "resolved": "https://registry.nlark.com/pg-pool/download/pg-pool-3.4.1.tgz",
      "integrity": "sha1-DnHOLGe0QqXoYqnBghcsN+2nHpw=",
      "requires": {}
    },
    "pg-protocol": {
      "version": "1.5.0",
      "resolved": "https://registry.npmmirror.com/pg-protocol/download/pg-protocol-1.5.0.tgz",
      "integrity": "sha1-td1FIlcxRWXi1UqzwTKtxGVlpqA="
    },
    "pg-types": {
      "version": "2.2.0",
      "resolved": "https://registry.npm.taobao.org/pg-types/download/pg-types-2.2.0.tgz",
      "integrity": "sha1-LQJQ1jZFT3z6O2rgOC/fqAYyVKM=",
      "requires": {
        "pg-int8": "1.0.1",
        "postgres-array": "~2.0.0",
        "postgres-bytea": "~1.0.0",
        "postgres-date": "~1.0.4",
        "postgres-interval": "^1.1.0"
      }
    },
    "pgpass": {
      "version": "1.0.5",
      "resolved": "https://registry.npmmirror.com/pgpass/download/pgpass-1.0.5.tgz",
      "integrity": "sha512-FdW9r/jQZhSeohs1Z3sI1yxFQNFvMcnmfuj4WBMUTxOrAyLMaTcE1aAMBiTlbMNaXvBCQuVi0R7hd8udDSP7ug==",
      "requires": {
        "split2": "^4.1.0"
      }
    },
    "postgres-array": {
      "version": "2.0.0",
      "resolved": "https://registry.npm.taobao.org/postgres-array/download/postgres-array-2.0.0.tgz",
      "integrity": "sha1-SPj84FT7xpZxmZMpuINLdyZS2C4="
    },
    "postgres-bytea": {
      "version": "1.0.0",
      "resolved": "https://registry.npm.taobao.org/postgres-bytea/download/postgres-bytea-1.0.0.tgz",
      "integrity": "sha1-AntTPAqokOJtFy1Hz5zOzFIazTU="
    },
    "postgres-date": {
      "version": "1.0.7",
      "resolved": "https://registry.npmmirror.com/postgres-date/download/postgres-date-1.0.7.tgz",
      "integrity": "sha1-UbwIYAYAXlBhxZHO5yfyUxv2Qag="
    },
    "postgres-interval": {
      "version": "1.2.0",
      "resolved": "https://registry.nlark.com/postgres-interval/download/postgres-interval-1.2.0.tgz",
      "integrity": "sha1-tGDILLFYdQd4iBmgaqD//bNURpU=",
      "requires": {
        "xtend": "^4.0.0"
      }
    },
    "split2": {
      "version": "4.1.0",
      "resolved": "https://registry.npmmirror.com/split2/download/split2-4.1.0.tgz",
      "integrity": "sha1-EBkHokNw+Fu3gvCK2qvk4oHs+Ak="
    },
    "ws": {
      "version": "8.4.0",
      "resolved": "https://registry.npmmirror.com/ws/download/ws-8.4.0.tgz",
      "integrity": "sha512-IHVsKe2pjajSUIl4KYMQOdlyliovpEPquKkqbwswulszzI7r0SfQrxnXdWAEqOlDCLrVSJzo+O1hAwdog2sKSQ==",
      "requires": {}
    },
    "xtend": {
      "version": "4.0.2",
      "resolved": "https://registry.npm.taobao.org/xtend/download/xtend-4.0.2.tgz",
      "integrity": "sha1-u3J3n1+kZRhrH0OPZ0+jR/2121Q="
    }
  }
}
